
Microsoft Visual Studio Solution File, Format Version 12.00
# Visual Studio Version 16
VisualStudioVersion = 16.0.30114.105
MinimumVisualStudioVersion = 10.0.40219.1
Project("{FAE04EC0-301F-11D3-BF4B-00C04F79EFBC}") = "Shopping.Cart.Domain", "Shopping.Cart.Domain\Shopping.Cart.Domain.csproj", "{BD1D16F8-57C8-4495-874B-FC54DA431BB2}"
EndProject
Project("{FAE04EC0-301F-11D3-BF4B-00C04F79EFBC}") = "Shopping.Cart.Domain.Tests", "Shopping.Cart.Domain.Tests\Shopping.Cart.Domain.Tests.csproj", "{7CEE3F80-9BB9-4F2D-9D6E-8F33FE393106}"
EndProject
Project("{FAE04EC0-301F-11D3-BF4B-00C04F79EFBC}") = "Shopping.Cart.Domain.xTests", "Shopping.Cart.Domain.xTests\Shopping.Cart.Domain.xTests.csproj", "{3CEE1E01-193A-47A1-8BFF-29F0DE4856F6}"
EndProject
Global
	GlobalSection(SolutionConfigurationPlatforms) = preSolution
		Debug|Any CPU = Debug|Any CPU
		Release|Any CPU = Release|Any CPU
	EndGlobalSection
	GlobalSection(SolutionProperties) = preSolution
		HideSolutionNode = FALSE
	EndGlobalSection
	GlobalSection(ProjectConfigurationPlatforms) = postSolution
		{BD1D16F8-57C8-4495-874B-FC54DA431BB2}.Debug|Any CPU.ActiveCfg = Debug|Any CPU
		{BD1D16F8-57C8-4495-874B-FC54DA431BB2}.Debug|Any CPU.Build.0 = Debug|Any CPU
		{BD1D16F8-57C8-4495-874B-FC54DA431BB2}.Release|Any CPU.ActiveCfg = Release|Any CPU
		{BD1D16F8-57C8-4495-874B-FC54DA431BB2}.Release|Any CPU.Build.0 = Release|Any CPU
		{7CEE3F80-9BB9-4F2D-9D6E-8F33FE393106}.Debug|Any CPU.ActiveCfg = Debug|Any CPU
		{7CEE3F80-9BB9-4F2D-9D6E-8F33FE393106}.Debug|Any CPU.Build.0 = Debug|Any CPU
		{7CEE3F80-9BB9-4F2D-9D6E-8F33FE393106}.Release|Any CPU.ActiveCfg = Release|Any CPU
		{7CEE3F80-9BB9-4F2D-9D6E-8F33FE393106}.Release|Any CPU.Build.0 = Release|Any CPU
		{3CEE1E01-193A-47A1-8BFF-29F0DE4856F6}.Debug|Any CPU.ActiveCfg = Debug|Any CPU
		{3CEE1E01-193A-47A1-8BFF-29F0DE4856F6}.Debug|Any CPU.Build.0 = Debug|Any CPU
		{3CEE1E01-193A-47A1-8BFF-29F0DE4856F6}.Release|Any CPU.ActiveCfg = Release|Any CPU
		{3CEE1E01-193A-47A1-8BFF-29F0DE4856F6}.Release|Any CPU.Build.0 = Release|Any CPU
	EndGlobalSection
EndGlobal
